// !$*UTF8*$!
{
	archiveVersion = 1;
	classes = {
	};
	objectVersion = 56;
	objects = {

/* Begin PBXBuildFile section */
		08186D252B5E02AF00486D42 /* SideMenuApp.swift in Sources */ = {isa = PBXBuildFile; fileRef = 08186D242B5E02AF00486D42 /* SideMenuApp.swift */; };
		08186D272B5E02AF00486D42 /* ContentView.swift in Sources */ = {isa = PBXBuildFile; fileRef = 08186D262B5E02AF00486D42 /* ContentView.swift */; };
		08186D292B5E02B100486D42 /* Assets.xcassets in Resources */ = {isa = PBXBuildFile; fileRef = 08186D282B5E02B100486D42 /* Assets.xcassets */; };
		08186D2C2B5E02B100486D42 /* Preview Assets.xcassets in Resources */ = {isa = PBXBuildFile; fileRef = 08186D2B2B5E02B100486D42 /* Preview Assets.xcassets */; };
		08186D332B5E03E500486D42 /* SideMenuView.swift in Sources */ = {isa = PBXBuildFile; fileRef = 08186D322B5E03E500486D42 /* SideMenuView.swift */; };
		08186D352B5E04CA00486D42 /* SideMenuHeaderView.swift in Sources */ = {isa = PBXBuildFile; fileRef = 08186D342B5E04CA00486D42 /* SideMenuHeaderView.swift */; };
		08186D372B5E07F400486D42 /* SideMenuRowView.swift in Sources */ = {isa = PBXBuildFile; fileRef = 08186D362B5E07F400486D42 /* SideMenuRowView.swift */; };
		08186D392B5E089300486D42 /* SideMenuOptionModel.swift in Sources */ = {isa = PBXBuildFile; fileRef = 08186D382B5E089300486D42 /* SideMenuOptionModel.swift */; };
		08186D422B5E167700486D42 /* SideMenuSections.swift in Sources */ = {isa = PBXBuildFile; fileRef = 08186D412B5E167700486D42 /* SideMenuSections.swift */; };
		08186D442B5E1A9F00486D42 /* SideMenuSectionView.swift in Sources */ = {isa = PBXBuildFile; fileRef = 08186D432B5E1A9F00486D42 /* SideMenuSectionView.swift */; };
		08186D472B5E21B500486D42 /* DashboradView.swift in Sources */ = {isa = PBXBuildFile; fileRef = 08186D462B5E21B500486D42 /* DashboradView.swift */; };
		08186D492B5E400300486D42 /* SideMenuFooterView.swift in Sources */ = {isa = PBXBuildFile; fileRef = 08186D482B5E400300486D42 /* SideMenuFooterView.swift */; };
/* End PBXBuildFile section */

/* Begin PBXFileReference section */
		08186D212B5E02AF00486D42 /* SideMenu.app */ = {isa = PBXFileReference; explicitFileType = wrapper.application; includeInIndex = 0; path = SideMenu.app; sourceTree = BUILT_PRODUCTS_DIR; };
		08186D242B5E02AF00486D42 /* SideMenuApp.swift */ = {isa = PBXFileReference; lastKnownFileType = sourcecode.swift; path = SideMenuApp.swift; sourceTree = "<group>"; };
		08186D262B5E02AF00486D42 /* ContentView.swift */ = {isa = PBXFileReference; lastKnownFileType = sourcecode.swift; path = ContentView.swift; sourceTree = "<group>"; };
		08186D282B5E02B100486D42 /* Assets.xcassets */ = {isa = PBXFileReference; lastKnownFileType = folder.assetcatalog; path = Assets.xcassets; sourceTree = "<group>"; };
		08186D2B2B5E02B100486D42 /* Preview Assets.xcassets */ = {isa = PBXFileReference; lastKnownFileType = folder.assetcatalog; path = "Preview Assets.xcassets"; sourceTree = "<group>"; };
		08186D322B5E03E500486D42 /* SideMenuView.swift */ = {isa = PBXFileReference; lastKnownFileType = sourcecode.swift; path = SideMenuView.swift; sourceTree = "<group>"; };
		08186D342B5E04CA00486D42 /* SideMenuHeaderView.swift */ = {isa = PBXFileReference; lastKnownFileType = sourcecode.swift; path = SideMenuHeaderView.swift; sourceTree = "<group>"; };
		08186D362B5E07F400486D42 /* SideMenuRowView.swift */ = {isa = PBXFileReference; lastKnownFileType = sourcecode.swift; path = SideMenuRowView.swift; sourceTree = "<group>"; };
		08186D382B5E089300486D42 /* SideMenuOptionModel.swift */ = {isa = PBXFileReference; lastKnownFileType = sourcecode.swift; path = SideMenuOptionModel.swift; sourceTree = "<group>"; };
		08186D412B5E167700486D42 /* SideMenuSections.swift */ = {isa = PBXFileReference; lastKnownFileType = sourcecode.swift; path = SideMenuSections.swift; sourceTree = "<group>"; };
		08186D432B5E1A9F00486D42 /* SideMenuSectionView.swift */ = {isa = PBXFileReference; lastKnownFileType = sourcecode.swift; path = SideMenuSectionView.swift; sourceTree = "<group>"; };
		08186D462B5E21B500486D42 /* DashboradView.swift */ = {isa = PBXFileReference; lastKnownFileType = sourcecode.swift; path = DashboradView.swift; sourceTree = "<group>"; };
		08186D482B5E400300486D42 /* SideMenuFooterView.swift */ = {isa = PBXFileReference; lastKnownFileType = sourcecode.swift; path = SideMenuFooterView.swift; sourceTree = "<group>"; };
/* End PBXFileReference section */

/* Begin PBXFrameworksBuildPhase section */
		08186D1E2B5E02AF00486D42 /* Frameworks */ = {
			isa = PBXFrameworksBuildPhase;
			buildActionMask = 2147483647;
			files = (
			);
			runOnlyForDeploymentPostprocessing = 0;
		};
/* End PBXFrameworksBuildPhase section */

/* Begin PBXGroup section */
		08186D182B5E02AF00486D42 = {
			isa = PBXGroup;
			children = (
				08186D232B5E02AF00486D42 /* SideMenu */,
				08186D222B5E02AF00486D42 /* Products */,
			);
			sourceTree = "<group>";
		};
		08186D222B5E02AF00486D42 /* Products */ = {
			isa = PBXGroup;
			children = (
				08186D212B5E02AF00486D42 /* SideMenu.app */,
			);
			name = Products;
			sourceTree = "<group>";
		};
		08186D232B5E02AF00486D42 /* SideMenu */ = {
			isa = PBXGroup;
			children = (
				08186D452B5E21AA00486D42 /* Dashborad */,
				08186D3C2B5E15D700486D42 /* App */,
				08186D3B2B5E15C200486D42 /* SideMenu */,
				08186D3A2B5E154D00486D42 /* Root */,
				08186D262B5E02AF00486D42 /* ContentView.swift */,
				08186D282B5E02B100486D42 /* Assets.xcassets */,
				08186D2A2B5E02B100486D42 /* Preview Content */,
			);
			path = SideMenu;
			sourceTree = "<group>";
		};
		08186D2A2B5E02B100486D42 /* Preview Content */ = {
			isa = PBXGroup;
			children = (
				08186D2B2B5E02B100486D42 /* Preview Assets.xcassets */,
			);
			path = "Preview Content";
			sourceTree = "<group>";
		};
		08186D3A2B5E154D00486D42 /* Root */ = {
			isa = PBXGroup;
			children = (
			);
			path = Root;
			sourceTree = "<group>";
		};
		08186D3B2B5E15C200486D42 /* SideMenu */ = {
			isa = PBXGroup;
			children = (
				08186D3E2B5E162700486D42 /* Model */,
				08186D3D2B5E162200486D42 /* View */,
			);
			path = SideMenu;
			sourceTree = "<group>";
		};
		08186D3C2B5E15D700486D42 /* App */ = {
			isa = PBXGroup;
			children = (
				08186D242B5E02AF00486D42 /* SideMenuApp.swift */,
			);
			path = App;
			sourceTree = "<group>";
		};
		08186D3D2B5E162200486D42 /* View */ = {
			isa = PBXGroup;
			children = (
				08186D402B5E164200486D42 /* Components */,
				08186D3F2B5E163F00486D42 /* Main */,
			);
			path = View;
			sourceTree = "<group>";
		};
		08186D3E2B5E162700486D42 /* Model */ = {
			isa = PBXGroup;
			children = (
				08186D382B5E089300486D42 /* SideMenuOptionModel.swift */,
				08186D412B5E167700486D42 /* SideMenuSections.swift */,
			);
			path = Model;
			sourceTree = "<group>";
		};
		08186D3F2B5E163F00486D42 /* Main */ = {
			isa = PBXGroup;
			children = (
				08186D322B5E03E500486D42 /* SideMenuView.swift */,
			);
			path = Main;
			sourceTree = "<group>";
		};
		08186D402B5E164200486D42 /* Components */ = {
			isa = PBXGroup;
			children = (
				08186D342B5E04CA00486D42 /* SideMenuHeaderView.swift */,
				08186D362B5E07F400486D42 /* SideMenuRowView.swift */,
				08186D432B5E1A9F00486D42 /* SideMenuSectionView.swift */,
				08186D482B5E400300486D42 /* SideMenuFooterView.swift */,
			);
			path = Components;
			sourceTree = "<group>";
		};
		08186D452B5E21AA00486D42 /* Dashborad */ = {
			isa = PBXGroup;
			children = (
				08186D462B5E21B500486D42 /* DashboradView.swift */,
			);
			path = Dashborad;
			sourceTree = "<group>";
		};
/* End PBXGroup section */

/* Begin PBXNativeTarget section */
		08186D202B5E02AF00486D42 /* SideMenu */ = {
			isa = PBXNativeTarget;
			buildConfigurationList = 08186D2F2B5E02B100486D42 /* Build configuration list for PBXNativeTarget "SideMenu" */;
			buildPhases = (
				08186D1D2B5E02AF00486D42 /* Sources */,
				08186D1E2B5E02AF00486D42 /* Frameworks */,
				08186D1F2B5E02AF00486D42 /* Resources */,
			);
			buildRules = (
			);
			dependencies = (
			);
			name = SideMenu;
			productName = SideMenu;
			productReference = 08186D212B5E02AF00486D42 /* SideMenu.app */;
			productType = "com.apple.product-type.application";
		};
/* End PBXNativeTarget section */

/* Begin PBXProject section */
		08186D192B5E02AF00486D42 /* Project object */ = {
			isa = PBXProject;
			attributes = {
				BuildIndependentTargetsInParallel = 1;
				LastSwiftUpdateCheck = 1520;
				LastUpgradeCheck = 1520;
				TargetAttributes = {
					08186D202B5E02AF00486D42 = {
						CreatedOnToolsVersion = 15.2;
					};
				};
			};
			buildConfigurationList = 08186D1C2B5E02AF00486D42 /* Build configuration list for PBXProject "SideMenu" */;
			compatibilityVersion = "Xcode 14.0";
			developmentRegion = en;
			hasScannedForEncodings = 0;
			knownRegions = (
				en,
				Base,
			);
			mainGroup = 08186D182B5E02AF00486D42;
			productRefGroup = 08186D222B5E02AF00486D42 /* Products */;
			projectDirPath = "";
			projectRoot = "";
			targets = (
				08186D202B5E02AF00486D42 /* SideMenu */,
			);
		};
/* End PBXProject section */

/* Begin PBXResourcesBuildPhase section */
		08186D1F2B5E02AF00486D42 /* Resources */ = {
			isa = PBXResourcesBuildPhase;
			buildActionMask = 2147483647;
			files = (
				08186D2C2B5E02B100486D42 /* Preview Assets.xcassets in Resources */,
				08186D292B5E02B100486D42 /* Assets.xcassets in Resources */,
			);
			runOnlyForDeploymentPostprocessing = 0;
		};
/* End PBXResourcesBuildPhase section */

/* Begin PBXSourcesBuildPhase section */
		08186D1D2B5E02AF00486D42 /* Sources */ = {
			isa = PBXSourcesBuildPhase;
			buildActionMask = 2147483647;
			files = (
				08186D332B5E03E500486D42 /* SideMenuView.swift in Sources */,
				08186D352B5E04CA00486D42 /* SideMenuHeaderView.swift in Sources */,
				08186D472B5E21B500486D42 /* DashboradView.swift in Sources */,
				08186D392B5E089300486D42 /* SideMenuOptionModel.swift in Sources */,
				08186D372B5E07F400486D42 /* SideMenuRowView.swift in Sources */,
				08186D272B5E02AF00486D42 /* ContentView.swift in Sources */,
				08186D252B5E02AF00486D42 /* SideMenuApp.swift in Sources */,
				08186D442B5E1A9F00486D42 /* SideMenuSectionView.swift in Sources */,
				08186D422B5E167700486D42 /* SideMenuSections.swift in Sources */,
				08186D492B5E400300486D42 /* SideMenuFooterView.swift in Sources */,
			);
			runOnlyForDeploymentPostprocessing = 0;
		};
/* End PBXSourcesBuildPhase section */

/* Begin XCBuildConfiguration section */
		08186D2D2B5E02B100486D42 /* Debug */ = {
			isa = XCBuildConfiguration;
			buildSettings = {
				ALWAYS_SEARCH_USER_PATHS = NO;
				ASSETCATALOG_COMPILER_GENERATE_SWIFT_ASSET_SYMBOL_EXTENSIONS = YES;
				CLANG_ANALYZER_NONNULL = YES;
				CLANG_ANALYZER_NUMBER_OBJECT_CONVERSION = YES_AGGRESSIVE;
				CLANG_CXX_LANGUAGE_STANDARD = "gnu++20";
				CLANG_ENABLE_MODULES = YES;
				CLANG_ENABLE_OBJC_ARC = YES;
				CLANG_ENABLE_OBJC_WEAK = YES;
				CLANG_WARN_BLOCK_CAPTURE_AUTORELEASING = YES;
				CLANG_WARN_BOOL_CONVERSION = YES;
				CLANG_WARN_COMMA = YES;
				CLANG_WARN_CONSTANT_CONVERSION = YES;
				CLANG_WARN_DEPRECATED_OBJC_IMPLEMENTATIONS = YES;
				CLANG_WARN_DIRECT_OBJC_ISA_USAGE = YES_ERROR;
				CLANG_WARN_DOCUMENTATION_COMMENTS = YES;
				CLANG_WARN_EMPTY_BODY = YES;
				CLANG_WARN_ENUM_CONVERSION = YES;
				CLANG_WARN_INFINITE_RECURSION = YES;
				CLANG_WARN_INT_CONVERSION = YES;
				CLANG_WARN_NON_LITERAL_NULL_CONVERSION = YES;
				CLANG_WARN_OBJC_IMPLICIT_RETAIN_SELF = YES;
				CLANG_WARN_OBJC_LITERAL_CONVERSION = YES;
				CLANG_WARN_OBJC_ROOT_CLASS = YES_ERROR;
				CLANG_WARN_QUOTED_INCLUDE_IN_FRAMEWORK_HEADER = YES;
				CLANG_WARN_RANGE_LOOP_ANALYSIS = YES;
				CLANG_WARN_STRICT_PROTOTYPES = YES;
				CLANG_WARN_SUSPICIOUS_MOVE = YES;
				CLANG_WARN_UNGUARDED_AVAILABILITY = YES_AGGRESSIVE;
				CLANG_WARN_UNREACHABLE_CODE = YES;
				CLANG_WARN__DUPLICATE_METHOD_MATCH = YES;
				COPY_PHASE_STRIP = NO;
				DEBUG_INFORMATION_FORMAT = dwarf;
				ENABLE_STRICT_OBJC_MSGSEND = YES;
				ENABLE_TESTABILITY = YES;
				ENABLE_USER_SCRIPT_SANDBOXING = YES;
				GCC_C_LANGUAGE_STANDARD = gnu17;
				GCC_DYNAMIC_NO_PIC = NO;
				GCC_NO_COMMON_BLOCKS = YES;
				GCC_OPTIMIZATION_LEVEL = 0;
				GCC_PREPROCESSOR_DEFINITIONS = (
					"DEBUG=1",
					"$(inherited)",
				);
				GCC_WARN_64_TO_32_BIT_CONVERSION = YES;
				GCC_WARN_ABOUT_RETURN_TYPE = YES_ERROR;
				GCC_WARN_UNDECLARED_SELECTOR = YES;
				GCC_WARN_UNINITIALIZED_AUTOS = YES_AGGRESSIVE;
				GCC_WARN_UNUSED_FUNCTION = YES;
				GCC_WARN_UNUSED_VARIABLE = YES;
				IPHONEOS_DEPLOYMENT_TARGET = 17.2;
				LOCALIZATION_PREFERS_STRING_CATALOGS = YES;
				MTL_ENABLE_DEBUG_INFO = INCLUDE_SOURCE;
				MTL_FAST_MATH = YES;
				ONLY_ACTIVE_ARCH = YES;
				SDKROOT = iphoneos;
				SWIFT_ACTIVE_COMPILATION_CONDITIONS = "DEBUG $(inherited)";
				SWIFT_OPTIMIZATION_LEVEL = "-Onone";
			};
			name = Debug;
		};
		08186D2E2B5E02B100486D42 /* Release */ = {
			isa = XCBuildConfiguration;
			buildSettings = {
				ALWAYS_SEARCH_USER_PATHS = NO;
				ASSETCATALOG_COMPILER_GENERATE_SWIFT_ASSET_SYMBOL_EXTENSIONS = YES;
				CLANG_ANALYZER_NONNULL = YES;
				CLANG_ANALYZER_NUMBER_OBJECT_CONVERSION = YES_AGGRESSIVE;
				CLANG_CXX_LANGUAGE_STANDARD = "gnu++20";
				CLANG_ENABLE_MODULES = YES;
				CLANG_ENABLE_OBJC_ARC = YES;
				CLANG_ENABLE_OBJC_WEAK = YES;
				CLANG_WARN_BLOCK_CAPTURE_AUTORELEASING = YES;
				CLANG_WARN_BOOL_CONVERSION = YES;
				CLANG_WARN_COMMA = YES;
				CLANG_WARN_CONSTANT_CONVERSION = YES;
				CLANG_WARN_DEPRECATED_OBJC_IMPLEMENTATIONS = YES;
				CLANG_WARN_DIRECT_OBJC_ISA_USAGE = YES_ERROR;
				CLANG_WARN_DOCUMENTATION_COMMENTS = YES;
				CLANG_WARN_EMPTY_BODY = YES;
				CLANG_WARN_ENUM_CONVERSION = YES;
				CLANG_WARN_INFINITE_RECURSION = YES;
				CLANG_WARN_INT_CONVERSION = YES;
				CLANG_WARN_NON_LITERAL_NULL_CONVERSION = YES;
				CLANG_WARN_OBJC_IMPLICIT_RETAIN_SELF = YES;
				CLANG_WARN_OBJC_LITERAL_CONVERSION = YES;
				CLANG_WARN_OBJC_ROOT_CLASS = YES_ERROR;
				CLANG_WARN_QUOTED_INCLUDE_IN_FRAMEWORK_HEADER = YES;
				CLANG_WARN_RANGE_LOOP_ANALYSIS = YES;
				CLANG_WARN_STRICT_PROTOTYPES = YES;
				CLANG_WARN_SUSPICIOUS_MOVE = YES;
				CLANG_WARN_UNGUARDED_AVAILABILITY = YES_AGGRESSIVE;
				CLANG_WARN_UNREACHABLE_CODE = YES;
				CLANG_WARN__DUPLICATE_METHOD_MATCH = YES;
				COPY_PHASE_STRIP = NO;
				DEBUG_INFORMATION_FORMAT = "dwarf-with-dsym";
				ENABLE_NS_ASSERTIONS = NO;
				ENABLE_STRICT_OBJC_MSGSEND = YES;
				ENABLE_USER_SCRIPT_SANDBOXING = YES;
				GCC_C_LANGUAGE_STANDARD = gnu17;
				GCC_NO_COMMON_BLOCKS = YES;
				GCC_WARN_64_TO_32_BIT_CONVERSION = YES;
				GCC_WARN_ABOUT_RETURN_TYPE = YES_ERROR;
				GCC_WARN_UNDECLARED_SELECTOR = YES;
				GCC_WARN_UNINITIALIZED_AUTOS = YES_AGGRESSIVE;
				GCC_WARN_UNUSED_FUNCTION = YES;
				GCC_WARN_UNUSED_VARIABLE = YES;
				IPHONEOS_DEPLOYMENT_TARGET = 17.2;
				LOCALIZATION_PREFERS_STRING_CATALOGS = YES;
				MTL_ENABLE_DEBUG_INFO = NO;
				MTL_FAST_MATH = YES;
				SDKROOT = iphoneos;
				SWIFT_COMPILATION_MODE = wholemodule;
				VALIDATE_PRODUCT = YES;
			};
			name = Release;
		};
		08186D302B5E02B100486D42 /* Debug */ = {
			isa = XCBuildConfiguration;
			buildSettings = {
				ASSETCATALOG_COMPILER_APPICON_NAME = AppIcon;
				ASSETCATALOG_COMPILER_GLOBAL_ACCENT_COLOR_NAME = AccentColor;
				CODE_SIGN_STYLE = Automatic;
				CURRENT_PROJECT_VERSION = 1;
				DEVELOPMENT_ASSET_PATHS = "\"SideMenu/Preview Content\"";
				DEVELOPMENT_TEAM = RDNPK2Q663;
				ENABLE_PREVIEWS = YES;
				GENERATE_INFOPLIST_FILE = YES;
				INFOPLIST_KEY_UIApplicationSceneManifest_Generation = YES;
				INFOPLIST_KEY_UIApplicationSupportsIndirectInputEvents = YES;
				INFOPLIST_KEY_UILaunchScreen_Generation = YES;
				INFOPLIST_KEY_UISupportedInterfaceOrientations_iPad = "UIInterfaceOrientationPortrait UIInterfaceOrientationPortraitUpsideDown UIInterfaceOrientationLandscapeLeft UIInterfaceOrientationLandscapeRight";
				INFOPLIST_KEY_UISupportedInterfaceOrientations_iPhone = "UIInterfaceOrientationPortrait UIInterfaceOrientationLandscapeLeft UIInterfaceOrientationLandscapeRight";
				IPHONEOS_DEPLOYMENT_TARGET = 17.0;
				LD_RUNPATH_SEARCH_PATHS = (
					"$(inherited)",
					"@executable_path/Frameworks",
				);
				MARKETING_VERSION = 1.0;
				PRODUCT_BUNDLE_IDENTIFIER = me.kambiz.SideMenu;
				PRODUCT_NAME = "$(TARGET_NAME)";
				SWIFT_EMIT_LOC_STRINGS = YES;
				SWIFT_VERSION = 5.0;
				TARGETED_DEVICE_FAMILY = "1,2";
			};
			name = Debug;
		};
		08186D312B5E02B100486D42 /* Release */ = {
			isa = XCBuildConfiguration;
			buildSettings = {
				ASSETCATALOG_COMPILER_APPICON_NAME = AppIcon;
				ASSETCATALOG_COMPILER_GLOBAL_ACCENT_COLOR_NAME = AccentColor;
				CODE_SIGN_STYLE = Automatic;
				CURRENT_PROJECT_VERSION = 1;
				DEVELOPMENT_ASSET_PATHS = "\"SideMenu/Preview Content\"";
				DEVELOPMENT_TEAM = RDNPK2Q663;
				ENABLE_PREVIEWS = YES;
				GENERATE_INFOPLIST_FILE = YES;
				INFOPLIST_KEY_UIApplicationSceneManifest_Generation = YES;
				INFOPLIST_KEY_UIApplicationSupportsIndirectInputEvents = YES;
				INFOPLIST_KEY_UILaunchScreen_Generation = YES;
				INFOPLIST_KEY_UISupportedInterfaceOrientations_iPad = "UIInterfaceOrientationPortrait UIInterfaceOrientationPortraitUpsideDown UIInterfaceOrientationLandscapeLeft UIInterfaceOrientationLandscapeRight";
				INFOPLIST_KEY_UISupportedInterfaceOrientations_iPhone = "UIInterfaceOrientationPortrait UIInterfaceOrientationLandscapeLeft UIInterfaceOrientationLandscapeRight";
				IPHONEOS_DEPLOYMENT_TARGET = 17.0;
				LD_RUNPATH_SEARCH_PATHS = (
					"$(inherited)",
					"@executable_path/Frameworks",
				);
				MARKETING_VERSION = 1.0;
				PRODUCT_BUNDLE_IDENTIFIER = me.kambiz.SideMenu;
				PRODUCT_NAME = "$(TARGET_NAME)";
				SWIFT_EMIT_LOC_STRINGS = YES;
				SWIFT_VERSION = 5.0;
				TARGETED_DEVICE_FAMILY = "1,2";
			};
			name = Release;
		};
/* End XCBuildConfiguration section */

/* Begin XCConfigurationList section */
		08186D1C2B5E02AF00486D42 /* Build configuration list for PBXProject "SideMenu" */ = {
			isa = XCConfigurationList;
			buildConfigurations = (
				08186D2D2B5E02B100486D42 /* Debug */,
				08186D2E2B5E02B100486D42 /* Release */,
			);
			defaultConfigurationIsVisible = 0;
			defaultConfigurationName = Release;
		};
		08186D2F2B5E02B100486D42 /* Build configuration list for PBXNativeTarget "SideMenu" */ = {
			isa = XCConfigurationList;
			buildConfigurations = (
				08186D302B5E02B100486D42 /* Debug */,
				08186D312B5E02B100486D42 /* Release */,
			);
			defaultConfigurationIsVisible = 0;
			defaultConfigurationName = Release;
		};
/* End XCConfigurationList section */
	};
	rootObject = 08186D192B5E02AF00486D42 /* Project object */;
}
